{
  "object": {
    "pins": [
      {
        "package": "SwiftCLI",
        "repositoryURL": "https://github.com/jakeheis/SwiftCLI",
        "state": {
          "branch": null,
          "revision": "fb076cba39c679da4e27813518d8860d8815a25b",
          "version": "5.2.1"
        }
      }
    ]
  },
  "version": 1
}
